
Microsoft Visual Studio Solution File, Format Version 12.00
# Visual Studio Version 17
VisualStudioVersion = 17.3.32825.248
MinimumVisualStudioVersion = 10.0.40219.1
Project("{FAE04EC0-301F-11D3-BF4B-00C04F79EFBC}") = "BL", "BL\BL.csproj", "{172B665B-E5F2-450E-80D0-0ECD44124966}"
EndProject
Project("{FAE04EC0-301F-11D3-BF4B-00C04F79EFBC}") = "DL", "DL\DL.csproj", "{2C278F0A-A063-484F-98AB-0FFA9A47CB8F}"
EndProject
Project("{FAE04EC0-301F-11D3-BF4B-00C04F79EFBC}") = "ML", "ML\ML.csproj", "{DD52FA8D-1390-41AD-8D60-576E9CB65797}"
EndProject
Project("{FAE04EC0-301F-11D3-BF4B-00C04F79EFBC}") = "PL", "PL\PL.csproj", "{25CBA96D-BEFC-42DF-A21E-35B0DD11FBB8}"
EndProject
Project("{FAE04EC0-301F-11D3-BF4B-00C04F79EFBC}") = "PL_MVC", "PL_MVC\PL_MVC.csproj", "{7B421F75-B7FB-4878-BB6B-ECAE393BA59B}"
EndProject
Project("{FAE04EC0-301F-11D3-BF4B-00C04F79EFBC}") = "DL_EF", "DL_EF\DL_EF.csproj", "{83780141-2A00-4501-8EB7-5FC9BC48F556}"
EndProject
Global
	GlobalSection(SolutionConfigurationPlatforms) = preSolution
		Debug|Any CPU = Debug|Any CPU
		Release|Any CPU = Release|Any CPU
	EndGlobalSection
	GlobalSection(ProjectConfigurationPlatforms) = postSolution
		{172B665B-E5F2-450E-80D0-0ECD44124966}.Debug|Any CPU.ActiveCfg = Debug|Any CPU
		{172B665B-E5F2-450E-80D0-0ECD44124966}.Debug|Any CPU.Build.0 = Debug|Any CPU
		{172B665B-E5F2-450E-80D0-0ECD44124966}.Release|Any CPU.ActiveCfg = Release|Any CPU
		{172B665B-E5F2-450E-80D0-0ECD44124966}.Release|Any CPU.Build.0 = Release|Any CPU
		{2C278F0A-A063-484F-98AB-0FFA9A47CB8F}.Debug|Any CPU.ActiveCfg = Debug|Any CPU
		{2C278F0A-A063-484F-98AB-0FFA9A47CB8F}.Debug|Any CPU.Build.0 = Debug|Any CPU
		{2C278F0A-A063-484F-98AB-0FFA9A47CB8F}.Release|Any CPU.ActiveCfg = Release|Any CPU
		{2C278F0A-A063-484F-98AB-0FFA9A47CB8F}.Release|Any CPU.Build.0 = Release|Any CPU
		{DD52FA8D-1390-41AD-8D60-576E9CB65797}.Debug|Any CPU.ActiveCfg = Debug|Any CPU
		{DD52FA8D-1390-41AD-8D60-576E9CB65797}.Debug|Any CPU.Build.0 = Debug|Any CPU
		{DD52FA8D-1390-41AD-8D60-576E9CB65797}.Release|Any CPU.ActiveCfg = Release|Any CPU
		{DD52FA8D-1390-41AD-8D60-576E9CB65797}.Release|Any CPU.Build.0 = Release|Any CPU
		{25CBA96D-BEFC-42DF-A21E-35B0DD11FBB8}.Debug|Any CPU.ActiveCfg = Debug|Any CPU
		{25CBA96D-BEFC-42DF-A21E-35B0DD11FBB8}.Debug|Any CPU.Build.0 = Debug|Any CPU
		{25CBA96D-BEFC-42DF-A21E-35B0DD11FBB8}.Release|Any CPU.ActiveCfg = Release|Any CPU
		{25CBA96D-BEFC-42DF-A21E-35B0DD11FBB8}.Release|Any CPU.Build.0 = Release|Any CPU
		{7B421F75-B7FB-4878-BB6B-ECAE393BA59B}.Debug|Any CPU.ActiveCfg = Debug|Any CPU
		{7B421F75-B7FB-4878-BB6B-ECAE393BA59B}.Debug|Any CPU.Build.0 = Debug|Any CPU
		{7B421F75-B7FB-4878-BB6B-ECAE393BA59B}.Release|Any CPU.ActiveCfg = Release|Any CPU
		{7B421F75-B7FB-4878-BB6B-ECAE393BA59B}.Release|Any CPU.Build.0 = Release|Any CPU
		{83780141-2A00-4501-8EB7-5FC9BC48F556}.Debug|Any CPU.ActiveCfg = Debug|Any CPU
		{83780141-2A00-4501-8EB7-5FC9BC48F556}.Debug|Any CPU.Build.0 = Debug|Any CPU
		{83780141-2A00-4501-8EB7-5FC9BC48F556}.Release|Any CPU.ActiveCfg = Release|Any CPU
		{83780141-2A00-4501-8EB7-5FC9BC48F556}.Release|Any CPU.Build.0 = Release|Any CPU
	EndGlobalSection
	GlobalSection(SolutionProperties) = preSolution
		HideSolutionNode = FALSE
	EndGlobalSection
	GlobalSection(ExtensibilityGlobals) = postSolution
		SolutionGuid = {4D959C9F-8500-4B99-B1AF-D944F0F34B1B}
	EndGlobalSection
EndGlobal
